// !$*UTF8*$!
{
	archiveVersion = 1;
	classes = {
	};
	objectVersion = 46;
	objects = {

/* Begin PBXBuildFile section */
		A1717E1B1BDA3BDE0031C2E6 /* main.m in Sources */ = {isa = PBXBuildFile; fileRef = A1717E1A1BDA3BDE0031C2E6 /* main.m */; };
		A1717E1E1BDA3BDE0031C2E6 /* AppDelegate.m in Sources */ = {isa = PBXBuildFile; fileRef = A1717E1D1BDA3BDE0031C2E6 /* AppDelegate.m */; };
		A1717E211BDA3BDE0031C2E6 /* ViewController.m in Sources */ = {isa = PBXBuildFile; fileRef = A1717E201BDA3BDE0031C2E6 /* ViewController.m */; };
		A1717E241BDA3BDE0031C2E6 /* Main.storyboard in Resources */ = {isa = PBXBuildFile; fileRef = A1717E221BDA3BDE0031C2E6 /* Main.storyboard */; };
		A1717E261BDA3BDE0031C2E6 /* Assets.xcassets in Resources */ = {isa = PBXBuildFile; fileRef = A1717E251BDA3BDE0031C2E6 /* Assets.xcassets */; };
		A1717E291BDA3BDE0031C2E6 /* LaunchScreen.storyboard in Resources */ = {isa = PBXBuildFile; fileRef = A1717E271BDA3BDE0031C2E6 /* LaunchScreen.storyboard */; };
		A1717E341BDA3BDE0031C2E6 /* _____Tests.m in Sources */ = {isa = PBXBuildFile; fileRef = A1717E331BDA3BDE0031C2E6 /* _____Tests.m */; };
		A1717E3F1BDA3BDF0031C2E6 /* _____UITests.m in Sources */ = {isa = PBXBuildFile; fileRef = A1717E3E1BDA3BDF0031C2E6 /* _____UITests.m */; };
		DD7FD1A31F4184BD00EEB4F1 /* UIBarButtonItem+NJ.m in Sources */ = {isa = PBXBuildFile; fileRef = DD7FD19C1F4184BD00EEB4F1 /* UIBarButtonItem+NJ.m */; };
		DD7FD1A41F4184BD00EEB4F1 /* UIColor+Hex.m in Sources */ = {isa = PBXBuildFile; fileRef = DD7FD19E1F4184BD00EEB4F1 /* UIColor+Hex.m */; };
		DD7FD1A51F4184BD00EEB4F1 /* UIView+NJ.m in Sources */ = {isa = PBXBuildFile; fileRef = DD7FD1A01F4184BD00EEB4F1 /* UIView+NJ.m */; };
		DD7FD1A61F4184BD00EEB4F1 /* UIViewExt.m in Sources */ = {isa = PBXBuildFile; fileRef = DD7FD1A21F4184BD00EEB4F1 /* UIViewExt.m */; };
		DD7FD1AC1F4184CF00EEB4F1 /* CIrcleView.m in Sources */ = {isa = PBXBuildFile; fileRef = DD7FD1A81F4184CF00EEB4F1 /* CIrcleView.m */; };
		DD7FD1AD1F4184CF00EEB4F1 /* progressView.m in Sources */ = {isa = PBXBuildFile; fileRef = DD7FD1AB1F4184CF00EEB4F1 /* progressView.m */; };
/* End PBXBuildFile section */

/* Begin PBXContainerItemProxy section */
		A1717E301BDA3BDE0031C2E6 /* PBXContainerItemProxy */ = {
			isa = PBXContainerItemProxy;
			containerPortal = A1717E0E1BDA3BDE0031C2E6 /* Project object */;
			proxyType = 1;
			remoteGlobalIDString = A1717E151BDA3BDE0031C2E6;
			remoteInfo = "圆形进度条";
		};
		A1717E3B1BDA3BDF0031C2E6 /* PBXContainerItemProxy */ = {
			isa = PBXContainerItemProxy;
			containerPortal = A1717E0E1BDA3BDE0031C2E6 /* Project object */;
			proxyType = 1;
			remoteGlobalIDString = A1717E151BDA3BDE0031C2E6;
			remoteInfo = "圆形进度条";
		};
/* End PBXContainerItemProxy section */

/* Begin PBXFileReference section */
		A1717E161BDA3BDE0031C2E6 /* 圆形进度条.app */ = {isa = PBXFileReference; explicitFileType = wrapper.application; includeInIndex = 0; path = "圆形进度条.app"; sourceTree = BUILT_PRODUCTS_DIR; };
		A1717E1A1BDA3BDE0031C2E6 /* main.m */ = {isa = PBXFileReference; lastKnownFileType = sourcecode.c.objc; path = main.m; sourceTree = "<group>"; };
		A1717E1C1BDA3BDE0031C2E6 /* AppDelegate.h */ = {isa = PBXFileReference; lastKnownFileType = sourcecode.c.h; path = AppDelegate.h; sourceTree = "<group>"; };
		A1717E1D1BDA3BDE0031C2E6 /* AppDelegate.m */ = {isa = PBXFileReference; lastKnownFileType = sourcecode.c.objc; path = AppDelegate.m; sourceTree = "<group>"; };
		A1717E1F1BDA3BDE0031C2E6 /* ViewController.h */ = {isa = PBXFileReference; lastKnownFileType = sourcecode.c.h; path = ViewController.h; sourceTree = "<group>"; };
		A1717E201BDA3BDE0031C2E6 /* ViewController.m */ = {isa = PBXFileReference; lastKnownFileType = sourcecode.c.objc; path = ViewController.m; sourceTree = "<group>"; };
		A1717E231BDA3BDE0031C2E6 /* Base */ = {isa = PBXFileReference; lastKnownFileType = file.storyboard; name = Base; path = Base.lproj/Main.storyboard; sourceTree = "<group>"; };
		A1717E251BDA3BDE0031C2E6 /* Assets.xcassets */ = {isa = PBXFileReference; lastKnownFileType = folder.assetcatalog; path = Assets.xcassets; sourceTree = "<group>"; };
		A1717E281BDA3BDE0031C2E6 /* Base */ = {isa = PBXFileReference; lastKnownFileType = file.storyboard; name = Base; path = Base.lproj/LaunchScreen.storyboard; sourceTree = "<group>"; };
		A1717E2A1BDA3BDE0031C2E6 /* Info.plist */ = {isa = PBXFileReference; lastKnownFileType = text.plist.xml; path = Info.plist; sourceTree = "<group>"; };
		A1717E2F1BDA3BDE0031C2E6 /* 圆形进度条Tests.xctest */ = {isa = PBXFileReference; explicitFileType = wrapper.cfbundle; includeInIndex = 0; path = "圆形进度条Tests.xctest"; sourceTree = BUILT_PRODUCTS_DIR; };
		A1717E331BDA3BDE0031C2E6 /* _____Tests.m */ = {isa = PBXFileReference; lastKnownFileType = sourcecode.c.objc; path = "_____Tests.m"; sourceTree = "<group>"; };
		A1717E351BDA3BDE0031C2E6 /* Info.plist */ = {isa = PBXFileReference; lastKnownFileType = text.plist.xml; path = Info.plist; sourceTree = "<group>"; };
		A1717E3A1BDA3BDF0031C2E6 /* 圆形进度条UITests.xctest */ = {isa = PBXFileReference; explicitFileType = wrapper.cfbundle; includeInIndex = 0; path = "圆形进度条UITests.xctest"; sourceTree = BUILT_PRODUCTS_DIR; };
		A1717E3E1BDA3BDF0031C2E6 /* _____UITests.m */ = {isa = PBXFileReference; lastKnownFileType = sourcecode.c.objc; path = "_____UITests.m"; sourceTree = "<group>"; };
		A1717E401BDA3BDF0031C2E6 /* Info.plist */ = {isa = PBXFileReference; lastKnownFileType = text.plist.xml; path = Info.plist; sourceTree = "<group>"; };
		DD7FD19B1F4184BD00EEB4F1 /* UIBarButtonItem+NJ.h */ = {isa = PBXFileReference; fileEncoding = 4; lastKnownFileType = sourcecode.c.h; path = "UIBarButtonItem+NJ.h"; sourceTree = "<group>"; };
		DD7FD19C1F4184BD00EEB4F1 /* UIBarButtonItem+NJ.m */ = {isa = PBXFileReference; fileEncoding = 4; lastKnownFileType = sourcecode.c.objc; path = "UIBarButtonItem+NJ.m"; sourceTree = "<group>"; };
		DD7FD19D1F4184BD00EEB4F1 /* UIColor+Hex.h */ = {isa = PBXFileReference; fileEncoding = 4; lastKnownFileType = sourcecode.c.h; path = "UIColor+Hex.h"; sourceTree = "<group>"; };
		DD7FD19E1F4184BD00EEB4F1 /* UIColor+Hex.m */ = {isa = PBXFileReference; fileEncoding = 4; lastKnownFileType = sourcecode.c.objc; path = "UIColor+Hex.m"; sourceTree = "<group>"; };
		DD7FD19F1F4184BD00EEB4F1 /* UIView+NJ.h */ = {isa = PBXFileReference; fileEncoding = 4; lastKnownFileType = sourcecode.c.h; path = "UIView+NJ.h"; sourceTree = "<group>"; };
		DD7FD1A01F4184BD00EEB4F1 /* UIView+NJ.m */ = {isa = PBXFileReference; fileEncoding = 4; lastKnownFileType = sourcecode.c.objc; path = "UIView+NJ.m"; sourceTree = "<group>"; };
		DD7FD1A11F4184BD00EEB4F1 /* UIViewExt.h */ = {isa = PBXFileReference; fileEncoding = 4; lastKnownFileType = sourcecode.c.h; path = UIViewExt.h; sourceTree = "<group>"; };
		DD7FD1A21F4184BD00EEB4F1 /* UIViewExt.m */ = {isa = PBXFileReference; fileEncoding = 4; lastKnownFileType = sourcecode.c.objc; path = UIViewExt.m; sourceTree = "<group>"; };
		DD7FD1A71F4184CF00EEB4F1 /* CIrcleView.h */ = {isa = PBXFileReference; fileEncoding = 4; lastKnownFileType = sourcecode.c.h; path = CIrcleView.h; sourceTree = "<group>"; };
		DD7FD1A81F4184CF00EEB4F1 /* CIrcleView.m */ = {isa = PBXFileReference; fileEncoding = 4; lastKnownFileType = sourcecode.c.objc; path = CIrcleView.m; sourceTree = "<group>"; };
		DD7FD1A91F4184CF00EEB4F1 /* Header.h */ = {isa = PBXFileReference; fileEncoding = 4; lastKnownFileType = sourcecode.c.h; path = Header.h; sourceTree = "<group>"; };
		DD7FD1AA1F4184CF00EEB4F1 /* progressView.h */ = {isa = PBXFileReference; fileEncoding = 4; lastKnownFileType = sourcecode.c.h; path = progressView.h; sourceTree = "<group>"; };
		DD7FD1AB1F4184CF00EEB4F1 /* progressView.m */ = {isa = PBXFileReference; fileEncoding = 4; lastKnownFileType = sourcecode.c.objc; path = progressView.m; sourceTree = "<group>"; };
/* End PBXFileReference section */

/* Begin PBXFrameworksBuildPhase section */
		A1717E131BDA3BDE0031C2E6 /* Frameworks */ = {
			isa = PBXFrameworksBuildPhase;
			buildActionMask = 2147483647;
			files = (
			);
			runOnlyForDeploymentPostprocessing = 0;
		};
		A1717E2C1BDA3BDE0031C2E6 /* Frameworks */ = {
			isa = PBXFrameworksBuildPhase;
			buildActionMask = 2147483647;
			files = (
			);
			runOnlyForDeploymentPostprocessing = 0;
		};
		A1717E371BDA3BDF0031C2E6 /* Frameworks */ = {
			isa = PBXFrameworksBuildPhase;
			buildActionMask = 2147483647;
			files = (
			);
			runOnlyForDeploymentPostprocessing = 0;
		};
/* End PBXFrameworksBuildPhase section */

/* Begin PBXGroup section */
		A1717E0D1BDA3BDE0031C2E6 = {
			isa = PBXGroup;
			children = (
				A1717E181BDA3BDE0031C2E6 /* 圆形进度条 */,
				A1717E321BDA3BDE0031C2E6 /* 圆形进度条Tests */,
				A1717E3D1BDA3BDF0031C2E6 /* 圆形进度条UITests */,
				A1717E171BDA3BDE0031C2E6 /* Products */,
			);
			sourceTree = "<group>";
		};
		A1717E171BDA3BDE0031C2E6 /* Products */ = {
			isa = PBXGroup;
			children = (
				A1717E161BDA3BDE0031C2E6 /* 圆形进度条.app */,
				A1717E2F1BDA3BDE0031C2E6 /* 圆形进度条Tests.xctest */,
				A1717E3A1BDA3BDF0031C2E6 /* 圆形进度条UITests.xctest */,
			);
			name = Products;
			sourceTree = "<group>";
		};
		A1717E181BDA3BDE0031C2E6 /* 圆形进度条 */ = {
			isa = PBXGroup;
			children = (
				DD7FD19A1F4184BD00EEB4F1 /* Category */,
				A1717E1C1BDA3BDE0031C2E6 /* AppDelegate.h */,
				A1717E1D1BDA3BDE0031C2E6 /* AppDelegate.m */,
				A1717E1F1BDA3BDE0031C2E6 /* ViewController.h */,
				A1717E201BDA3BDE0031C2E6 /* ViewController.m */,
				DD7FD1A71F4184CF00EEB4F1 /* CIrcleView.h */,
				DD7FD1A81F4184CF00EEB4F1 /* CIrcleView.m */,
				DD7FD1A91F4184CF00EEB4F1 /* Header.h */,
				DD7FD1AA1F4184CF00EEB4F1 /* progressView.h */,
				DD7FD1AB1F4184CF00EEB4F1 /* progressView.m */,
				A1717E221BDA3BDE0031C2E6 /* Main.storyboard */,
				A1717E251BDA3BDE0031C2E6 /* Assets.xcassets */,
				A1717E271BDA3BDE0031C2E6 /* LaunchScreen.storyboard */,
				A1717E2A1BDA3BDE0031C2E6 /* Info.plist */,
				A1717E191BDA3BDE0031C2E6 /* Supporting Files */,
			);
			path = "圆形进度条";
			sourceTree = "<group>";
		};
		A1717E191BDA3BDE0031C2E6 /* Supporting Files */ = {
			isa = PBXGroup;
			children = (
				A1717E1A1BDA3BDE0031C2E6 /* main.m */,
			);
			name = "Supporting Files";
			sourceTree = "<group>";
		};
		A1717E321BDA3BDE0031C2E6 /* 圆形进度条Tests */ = {
			isa = PBXGroup;
			children = (
				A1717E331BDA3BDE0031C2E6 /* _____Tests.m */,
				A1717E351BDA3BDE0031C2E6 /* Info.plist */,
			);
			path = "圆形进度条Tests";
			sourceTree = "<group>";
		};
		A1717E3D1BDA3BDF0031C2E6 /* 圆形进度条UITests */ = {
			isa = PBXGroup;
			children = (
				A1717E3E1BDA3BDF0031C2E6 /* _____UITests.m */,
				A1717E401BDA3BDF0031C2E6 /* Info.plist */,
			);
			path = "圆形进度条UITests";
			sourceTree = "<group>";
		};
		DD7FD19A1F4184BD00EEB4F1 /* Category */ = {
			isa = PBXGroup;
			children = (
				DD7FD19B1F4184BD00EEB4F1 /* UIBarButtonItem+NJ.h */,
				DD7FD19C1F4184BD00EEB4F1 /* UIBarButtonItem+NJ.m */,
				DD7FD19D1F4184BD00EEB4F1 /* UIColor+Hex.h */,
				DD7FD19E1F4184BD00EEB4F1 /* UIColor+Hex.m */,
				DD7FD19F1F4184BD00EEB4F1 /* UIView+NJ.h */,
				DD7FD1A01F4184BD00EEB4F1 /* UIView+NJ.m */,
				DD7FD1A11F4184BD00EEB4F1 /* UIViewExt.h */,
				DD7FD1A21F4184BD00EEB4F1 /* UIViewExt.m */,
			);
			path = Category;
			sourceTree = "<group>";
		};
/* End PBXGroup section */

/* Begin PBXNativeTarget section */
		A1717E151BDA3BDE0031C2E6 /* 圆形进度条 */ = {
			isa = PBXNativeTarget;
			buildConfigurationList = A1717E431BDA3BDF0031C2E6 /* Build configuration list for PBXNativeTarget "圆形进度条" */;
			buildPhases = (
				A1717E121BDA3BDE0031C2E6 /* Sources */,
				A1717E131BDA3BDE0031C2E6 /* Frameworks */,
				A1717E141BDA3BDE0031C2E6 /* Resources */,
			);
			buildRules = (
			);
			dependencies = (
			);
			name = "圆形进度条";
			productName = "圆形进度条";
			productReference = A1717E161BDA3BDE0031C2E6 /* 圆形进度条.app */;
			productType = "com.apple.product-type.application";
		};
		A1717E2E1BDA3BDE0031C2E6 /* 圆形进度条Tests */ = {
			isa = PBXNativeTarget;
			buildConfigurationList = A1717E461BDA3BDF0031C2E6 /* Build configuration list for PBXNativeTarget "圆形进度条Tests" */;
			buildPhases = (
				A1717E2B1BDA3BDE0031C2E6 /* Sources */,
				A1717E2C1BDA3BDE0031C2E6 /* Frameworks */,
				A1717E2D1BDA3BDE0031C2E6 /* Resources */,
			);
			buildRules = (
			);
			dependencies = (
				A1717E311BDA3BDE0031C2E6 /* PBXTargetDependency */,
			);
			name = "圆形进度条Tests";
			productName = "圆形进度条Tests";
			productReference = A1717E2F1BDA3BDE0031C2E6 /* 圆形进度条Tests.xctest */;
			productType = "com.apple.product-type.bundle.unit-test";
		};
		A1717E391BDA3BDF0031C2E6 /* 圆形进度条UITests */ = {
			isa = PBXNativeTarget;
			buildConfigurationList = A1717E491BDA3BDF0031C2E6 /* Build configuration list for PBXNativeTarget "圆形进度条UITests" */;
			buildPhases = (
				A1717E361BDA3BDF0031C2E6 /* Sources */,
				A1717E371BDA3BDF0031C2E6 /* Frameworks */,
				A1717E381BDA3BDF0031C2E6 /* Resources */,
			);
			buildRules = (
			);
			dependencies = (
				A1717E3C1BDA3BDF0031C2E6 /* PBXTargetDependency */,
			);
			name = "圆形进度条UITests";
			productName = "圆形进度条UITests";
			productReference = A1717E3A1BDA3BDF0031C2E6 /* 圆形进度条UITests.xctest */;
			productType = "com.apple.product-type.bundle.ui-testing";
		};
/* End PBXNativeTarget section */

/* Begin PBXProject section */
		A1717E0E1BDA3BDE0031C2E6 /* Project object */ = {
			isa = PBXProject;
			attributes = {
				LastUpgradeCheck = 0700;
				ORGANIZATIONNAME = andy;
				TargetAttributes = {
					A1717E151BDA3BDE0031C2E6 = {
						CreatedOnToolsVersion = 7.0.1;
						DevelopmentTeam = B7UQ7WHB5T;
					};
					A1717E2E1BDA3BDE0031C2E6 = {
						CreatedOnToolsVersion = 7.0.1;
						TestTargetID = A1717E151BDA3BDE0031C2E6;
					};
					A1717E391BDA3BDF0031C2E6 = {
						CreatedOnToolsVersion = 7.0.1;
						TestTargetID = A1717E151BDA3BDE0031C2E6;
					};
				};
			};
			buildConfigurationList = A1717E111BDA3BDE0031C2E6 /* Build configuration list for PBXProject "圆形进度条" */;
			compatibilityVersion = "Xcode 3.2";
			developmentRegion = English;
			hasScannedForEncodings = 0;
			knownRegions = (
				en,
				Base,
			);
			mainGroup = A1717E0D1BDA3BDE0031C2E6;
			productRefGroup = A1717E171BDA3BDE0031C2E6 /* Products */;
			projectDirPath = "";
			projectRoot = "";
			targets = (
				A1717E151BDA3BDE0031C2E6 /* 圆形进度条 */,
				A1717E2E1BDA3BDE0031C2E6 /* 圆形进度条Tests */,
				A1717E391BDA3BDF0031C2E6 /* 圆形进度条UITests */,
			);
		};
/* End PBXProject section */

/* Begin PBXResourcesBuildPhase section */
		A1717E141BDA3BDE0031C2E6 /* Resources */ = {
			isa = PBXResourcesBuildPhase;
			buildActionMask = 2147483647;
			files = (
				A1717E291BDA3BDE0031C2E6 /* LaunchScreen.storyboard in Resources */,
				A1717E261BDA3BDE0031C2E6 /* Assets.xcassets in Resources */,
				A1717E241BDA3BDE0031C2E6 /* Main.storyboard in Resources */,
			);
			runOnlyForDeploymentPostprocessing = 0;
		};
		A1717E2D1BDA3BDE0031C2E6 /* Resources */ = {
			isa = PBXResourcesBuildPhase;
			buildActionMask = 2147483647;
			files = (
			);
			runOnlyForDeploymentPostprocessing = 0;
		};
		A1717E381BDA3BDF0031C2E6 /* Resources */ = {
			isa = PBXResourcesBuildPhase;
			buildActionMask = 2147483647;
			files = (
			);
			runOnlyForDeploymentPostprocessing = 0;
		};
/* End PBXResourcesBuildPhase section */

/* Begin PBXSourcesBuildPhase section */
		A1717E121BDA3BDE0031C2E6 /* Sources */ = {
			isa = PBXSourcesBuildPhase;
			buildActionMask = 2147483647;
			files = (
				DD7FD1A61F4184BD00EEB4F1 /* UIViewExt.m in Sources */,
				DD7FD1AD1F4184CF00EEB4F1 /* progressView.m in Sources */,
				DD7FD1A31F4184BD00EEB4F1 /* UIBarButtonItem+NJ.m in Sources */,
				DD7FD1A41F4184BD00EEB4F1 /* UIColor+Hex.m in Sources */,
				A1717E211BDA3BDE0031C2E6 /* ViewController.m in Sources */,
				DD7FD1AC1F4184CF00EEB4F1 /* CIrcleView.m in Sources */,
				A1717E1E1BDA3BDE0031C2E6 /* AppDelegate.m in Sources */,
				DD7FD1A51F4184BD00EEB4F1 /* UIView+NJ.m in Sources */,
				A1717E1B1BDA3BDE0031C2E6 /* main.m in Sources */,
			);
			runOnlyForDeploymentPostprocessing = 0;
		};
		A1717E2B1BDA3BDE0031C2E6 /* Sources */ = {
			isa = PBXSourcesBuildPhase;
			buildActionMask = 2147483647;
			files = (
				A1717E341BDA3BDE0031C2E6 /* _____Tests.m in Sources */,
			);
			runOnlyForDeploymentPostprocessing = 0;
		};
		A1717E361BDA3BDF0031C2E6 /* Sources */ = {
			isa = PBXSourcesBuildPhase;
			buildActionMask = 2147483647;
			files = (
				A1717E3F1BDA3BDF0031C2E6 /* _____UITests.m in Sources */,
			);
			runOnlyForDeploymentPostprocessing = 0;
		};
/* End PBXSourcesBuildPhase section */

/* Begin PBXTargetDependency section */
		A1717E311BDA3BDE0031C2E6 /* PBXTargetDependency */ = {
			isa = PBXTargetDependency;
			target = A1717E151BDA3BDE0031C2E6 /* 圆形进度条 */;
			targetProxy = A1717E301BDA3BDE0031C2E6 /* PBXContainerItemProxy */;
		};
		A1717E3C1BDA3BDF0031C2E6 /* PBXTargetDependency */ = {
			isa = PBXTargetDependency;
			target = A1717E151BDA3BDE0031C2E6 /* 圆形进度条 */;
			targetProxy = A1717E3B1BDA3BDF0031C2E6 /* PBXContainerItemProxy */;
		};
/* End PBXTargetDependency section */

/* Begin PBXVariantGroup section */
		A1717E221BDA3BDE0031C2E6 /* Main.storyboard */ = {
			isa = PBXVariantGroup;
			children = (
				A1717E231BDA3BDE0031C2E6 /* Base */,
			);
			name = Main.storyboard;
			sourceTree = "<group>";
		};
		A1717E271BDA3BDE0031C2E6 /* LaunchScreen.storyboard */ = {
			isa = PBXVariantGroup;
			children = (
				A1717E281BDA3BDE0031C2E6 /* Base */,
			);
			name = LaunchScreen.storyboard;
			sourceTree = "<group>";
		};
/* End PBXVariantGroup section */

/* Begin XCBuildConfiguration section */
		A1717E411BDA3BDF0031C2E6 /* Debug */ = {
			isa = XCBuildConfiguration;
			buildSettings = {
				ALWAYS_SEARCH_USER_PATHS = NO;
				CLANG_CXX_LANGUAGE_STANDARD = "gnu++0x";
				CLANG_CXX_LIBRARY = "libc++";
				CLANG_ENABLE_MODULES = YES;
				CLANG_ENABLE_OBJC_ARC = YES;
				CLANG_WARN_BOOL_CONVERSION = YES;
				CLANG_WARN_CONSTANT_CONVERSION = YES;
				CLANG_WARN_DIRECT_OBJC_ISA_USAGE = YES_ERROR;
				CLANG_WARN_EMPTY_BODY = YES;
				CLANG_WARN_ENUM_CONVERSION = YES;
				CLANG_WARN_INT_CONVERSION = YES;
				CLANG_WARN_OBJC_ROOT_CLASS = YES_ERROR;
				CLANG_WARN_UNREACHABLE_CODE = YES;
				CLANG_WARN__DUPLICATE_METHOD_MATCH = YES;
				"CODE_SIGN_IDENTITY[sdk=iphoneos*]" = "iPhone Developer";
				COPY_PHASE_STRIP = NO;
				DEBUG_INFORMATION_FORMAT = dwarf;
				ENABLE_STRICT_OBJC_MSGSEND = YES;
				ENABLE_TESTABILITY = YES;
				GCC_C_LANGUAGE_STANDARD = gnu99;
				GCC_DYNAMIC_NO_PIC = NO;
				GCC_NO_COMMON_BLOCKS = YES;
				GCC_OPTIMIZATION_LEVEL = 0;
				GCC_PREPROCESSOR_DEFINITIONS = (
					"DEBUG=1",
					"$(inherited)",
				);
				GCC_WARN_64_TO_32_BIT_CONVERSION = YES;
				GCC_WARN_ABOUT_RETURN_TYPE = YES_ERROR;
				GCC_WARN_UNDECLARED_SELECTOR = YES;
				GCC_WARN_UNINITIALIZED_AUTOS = YES_AGGRESSIVE;
				GCC_WARN_UNUSED_FUNCTION = YES;
				GCC_WARN_UNUSED_VARIABLE = YES;
				IPHONEOS_DEPLOYMENT_TARGET = 9.0;
				MTL_ENABLE_DEBUG_INFO = YES;
				ONLY_ACTIVE_ARCH = YES;
				SDKROOT = iphoneos;
				TARGETED_DEVICE_FAMILY = "1,2";
			};
			name = Debug;
		};
		A1717E421BDA3BDF0031C2E6 /* Release */ = {
			isa = XCBuildConfiguration;
			buildSettings = {
				ALWAYS_SEARCH_USER_PATHS = NO;
				CLANG_CXX_LANGUAGE_STANDARD = "gnu++0x";
				CLANG_CXX_LIBRARY = "libc++";
				CLANG_ENABLE_MODULES = YES;
				CLANG_ENABLE_OBJC_ARC = YES;
				CLANG_WARN_BOOL_CONVERSION = YES;
				CLANG_WARN_CONSTANT_CONVERSION = YES;
				CLANG_WARN_DIRECT_OBJC_ISA_USAGE = YES_ERROR;
				CLANG_WARN_EMPTY_BODY = YES;
				CLANG_WARN_ENUM_CONVERSION = YES;
				CLANG_WARN_INT_CONVERSION = YES;
				CLANG_WARN_OBJC_ROOT_CLASS = YES_ERROR;
				CLANG_WARN_UNREACHABLE_CODE = YES;
				CLANG_WARN__DUPLICATE_METHOD_MATCH = YES;
				"CODE_SIGN_IDENTITY[sdk=iphoneos*]" = "iPhone Developer";
				COPY_PHASE_STRIP = NO;
				DEBUG_INFORMATION_FORMAT = "dwarf-with-dsym";
				ENABLE_NS_ASSERTIONS = NO;
				ENABLE_STRICT_OBJC_MSGSEND = YES;
				GCC_C_LANGUAGE_STANDARD = gnu99;
				GCC_NO_COMMON_BLOCKS = YES;
				GCC_WARN_64_TO_32_BIT_CONVERSION = YES;
				GCC_WARN_ABOUT_RETURN_TYPE = YES_ERROR;
				GCC_WARN_UNDECLARED_SELECTOR = YES;
				GCC_WARN_UNINITIALIZED_AUTOS = YES_AGGRESSIVE;
				GCC_WARN_UNUSED_FUNCTION = YES;
				GCC_WARN_UNUSED_VARIABLE = YES;
				IPHONEOS_DEPLOYMENT_TARGET = 9.0;
				MTL_ENABLE_DEBUG_INFO = NO;
				SDKROOT = iphoneos;
				TARGETED_DEVICE_FAMILY = "1,2";
				VALIDATE_PRODUCT = YES;
			};
			name = Release;
		};
		A1717E441BDA3BDF0031C2E6 /* Debug */ = {
			isa = XCBuildConfiguration;
			buildSettings = {
				ASSETCATALOG_COMPILER_APPICON_NAME = AppIcon;
				DEVELOPMENT_TEAM = B7UQ7WHB5T;
				INFOPLIST_FILE = "圆形进度条/Info.plist";
				LD_RUNPATH_SEARCH_PATHS = "$(inherited) @executable_path/Frameworks";
				PRODUCT_BUNDLE_IDENTIFIER = "gayou.com.-----";
				PRODUCT_NAME = "$(TARGET_NAME)";
			};
			name = Debug;
		};
		A1717E451BDA3BDF0031C2E6 /* Release */ = {
			isa = XCBuildConfiguration;
			buildSettings = {
				ASSETCATALOG_COMPILER_APPICON_NAME = AppIcon;
				DEVELOPMENT_TEAM = B7UQ7WHB5T;
				INFOPLIST_FILE = "圆形进度条/Info.plist";
				LD_RUNPATH_SEARCH_PATHS = "$(inherited) @executable_path/Frameworks";
				PRODUCT_BUNDLE_IDENTIFIER = "gayou.com.-----";
				PRODUCT_NAME = "$(TARGET_NAME)";
			};
			name = Release;
		};
		A1717E471BDA3BDF0031C2E6 /* Debug */ = {
			isa = XCBuildConfiguration;
			buildSettings = {
				BUNDLE_LOADER = "$(TEST_HOST)";
				INFOPLIST_FILE = "圆形进度条Tests/Info.plist";
				LD_RUNPATH_SEARCH_PATHS = "$(inherited) @executable_path/Frameworks @loader_path/Frameworks";
				PRODUCT_BUNDLE_IDENTIFIER = "gayou.com.-----Tests";
				PRODUCT_NAME = "$(TARGET_NAME)";
				TEST_HOST = "$(BUILT_PRODUCTS_DIR)/圆形进度条.app/圆形进度条";
			};
			name = Debug;
		};
		A1717E481BDA3BDF0031C2E6 /* Release */ = {
			isa = XCBuildConfiguration;
			buildSettings = {
				BUNDLE_LOADER = "$(TEST_HOST)";
				INFOPLIST_FILE = "圆形进度条Tests/Info.plist";
				LD_RUNPATH_SEARCH_PATHS = "$(inherited) @executable_path/Frameworks @loader_path/Frameworks";
				PRODUCT_BUNDLE_IDENTIFIER = "gayou.com.-----Tests";
				PRODUCT_NAME = "$(TARGET_NAME)";
				TEST_HOST = "$(BUILT_PRODUCTS_DIR)/圆形进度条.app/圆形进度条";
			};
			name = Release;
		};
		A1717E4A1BDA3BDF0031C2E6 /* Debug */ = {
			isa = XCBuildConfiguration;
			buildSettings = {
				INFOPLIST_FILE = "圆形进度条UITests/Info.plist";
				LD_RUNPATH_SEARCH_PATHS = "$(inherited) @executable_path/Frameworks @loader_path/Frameworks";
				PRODUCT_BUNDLE_IDENTIFIER = "gayou.com.-----UITests";
				PRODUCT_NAME = "$(TARGET_NAME)";
				TEST_TARGET_NAME = "圆形进度条";
				USES_XCTRUNNER = YES;
			};
			name = Debug;
		};
		A1717E4B1BDA3BDF0031C2E6 /* Release */ = {
			isa = XCBuildConfiguration;
			buildSettings = {
				INFOPLIST_FILE = "圆形进度条UITests/Info.plist";
				LD_RUNPATH_SEARCH_PATHS = "$(inherited) @executable_path/Frameworks @loader_path/Frameworks";
				PRODUCT_BUNDLE_IDENTIFIER = "gayou.com.-----UITests";
				PRODUCT_NAME = "$(TARGET_NAME)";
				TEST_TARGET_NAME = "圆形进度条";
				USES_XCTRUNNER = YES;
			};
			name = Release;
		};
/* End XCBuildConfiguration section */

/* Begin XCConfigurationList section */
		A1717E111BDA3BDE0031C2E6 /* Build configuration list for PBXProject "圆形进度条" */ = {
			isa = XCConfigurationList;
			buildConfigurations = (
				A1717E411BDA3BDF0031C2E6 /* Debug */,
				A1717E421BDA3BDF0031C2E6 /* Release */,
			);
			defaultConfigurationIsVisible = 0;
			defaultConfigurationName = Release;
		};
		A1717E431BDA3BDF0031C2E6 /* Build configuration list for PBXNativeTarget "圆形进度条" */ = {
			isa = XCConfigurationList;
			buildConfigurations = (
				A1717E441BDA3BDF0031C2E6 /* Debug */,
				A1717E451BDA3BDF0031C2E6 /* Release */,
			);
			defaultConfigurationIsVisible = 0;
			defaultConfigurationName = Release;
		};
		A1717E461BDA3BDF0031C2E6 /* Build configuration list for PBXNativeTarget "圆形进度条Tests" */ = {
			isa = XCConfigurationList;
			buildConfigurations = (
				A1717E471BDA3BDF0031C2E6 /* Debug */,
				A1717E481BDA3BDF0031C2E6 /* Release */,
			);
			defaultConfigurationIsVisible = 0;
			defaultConfigurationName = Release;
		};
		A1717E491BDA3BDF0031C2E6 /* Build configuration list for PBXNativeTarget "圆形进度条UITests" */ = {
			isa = XCConfigurationList;
			buildConfigurations = (
				A1717E4A1BDA3BDF0031C2E6 /* Debug */,
				A1717E4B1BDA3BDF0031C2E6 /* Release */,
			);
			defaultConfigurationIsVisible = 0;
			defaultConfigurationName = Release;
		};
/* End XCConfigurationList section */
	};
	rootObject = A1717E0E1BDA3BDE0031C2E6 /* Project object */;
}
